
Microsoft Visual Studio Solution File, Format Version 12.00
# Visual Studio Version 17
VisualStudioVersion = 17.8.34511.84
MinimumVisualStudioVersion = 10.0.40219.1
Project("{FAE04EC0-301F-11D3-BF4B-00C04F79EFBC}") = "Ikili Toplam", "Ikili Toplam.csproj", "{BBF37B86-3911-4485-8BE3-669B661AF18D}"
EndProject
Global
	GlobalSection(SolutionConfigurationPlatforms) = preSolution
		Debug|Any CPU = Debug|Any CPU
		Release|Any CPU = Release|Any CPU
	EndGlobalSection
	GlobalSection(ProjectConfigurationPlatforms) = postSolution
		{BBF37B86-3911-4485-8BE3-669B661AF18D}.Debug|Any CPU.ActiveCfg = Debug|Any CPU
		{BBF37B86-3911-4485-8BE3-669B661AF18D}.Debug|Any CPU.Build.0 = Debug|Any CPU
		{BBF37B86-3911-4485-8BE3-669B661AF18D}.Release|Any CPU.ActiveCfg = Release|Any CPU
		{BBF37B86-3911-4485-8BE3-669B661AF18D}.Release|Any CPU.Build.0 = Release|Any CPU
	EndGlobalSection
	GlobalSection(SolutionProperties) = preSolution
		HideSolutionNode = FALSE
	EndGlobalSection
	GlobalSection(ExtensibilityGlobals) = postSolution
		SolutionGuid = {23CDDD72-969D-4697-9949-44EC84D85E22}
	EndGlobalSection
EndGlobal
